{
  "requires": true,
  "lockfileVersion": 1,
  "dependencies": {
    "@bazel/buildozer": {
      "version": "4.0.1",
      "resolved": "https://registry.npmjs.org/@bazel/buildozer/-/buildozer-4.0.1.tgz",
      "integrity": "sha512-auZUcdGIzrjMUrZxpqu14HZ8eiOGamG6bLq1EXOERGcAb8VsfyFHa9HxQW6yei5e6rCzAp0IFHS6rLOYzhHgHA=="
    }
  }
}
